// !$*UTF8*$!
{
	archiveVersion = 1;
	classes = {
	};
	objectVersion = 55;
	objects = {

/* Begin PBXBuildFile section */
		92544637273FF70900EDBD94 /* AppDelegate.swift in Sources */ = {isa = PBXBuildFile; fileRef = 92544636273FF70900EDBD94 /* AppDelegate.swift */; };
		92544639273FF70900EDBD94 /* SceneDelegate.swift in Sources */ = {isa = PBXBuildFile; fileRef = 92544638273FF70900EDBD94 /* SceneDelegate.swift */; };
		9254463B273FF70900EDBD94 /* FeedVC.swift in Sources */ = {isa = PBXBuildFile; fileRef = 9254463A273FF70900EDBD94 /* FeedVC.swift */; };
		9254463E273FF70900EDBD94 /* Feed.storyboard in Resources */ = {isa = PBXBuildFile; fileRef = 9254463C273FF70900EDBD94 /* Feed.storyboard */; };
		92544640273FF70A00EDBD94 /* Assets.xcassets in Resources */ = {isa = PBXBuildFile; fileRef = 9254463F273FF70A00EDBD94 /* Assets.xcassets */; };
		92544643273FF70A00EDBD94 /* LaunchScreen.storyboard in Resources */ = {isa = PBXBuildFile; fileRef = 92544641273FF70A00EDBD94 /* LaunchScreen.storyboard */; };
		9254464E273FF78600EDBD94 /* Const.swift in Sources */ = {isa = PBXBuildFile; fileRef = 9254464D273FF78600EDBD94 /* Const.swift */; };
		92544650273FF7C500EDBD94 /* ViewController.swift in Sources */ = {isa = PBXBuildFile; fileRef = 9254464F273FF7C500EDBD94 /* ViewController.swift */; };
		92544652273FF7D400EDBD94 /* Storyboard.swift in Sources */ = {isa = PBXBuildFile; fileRef = 92544651273FF7D400EDBD94 /* Storyboard.swift */; };
		9254465D273FF95D00EDBD94 /* MyPageVC.swift in Sources */ = {isa = PBXBuildFile; fileRef = 9254465C273FF95D00EDBD94 /* MyPageVC.swift */; };
		9254465F273FF98000EDBD94 /* NotificationVC.swift in Sources */ = {isa = PBXBuildFile; fileRef = 9254465E273FF98000EDBD94 /* NotificationVC.swift */; };
		92544661273FF98C00EDBD94 /* WriteVC.swift in Sources */ = {isa = PBXBuildFile; fileRef = 92544660273FF98C00EDBD94 /* WriteVC.swift */; };
		92544663273FF99900EDBD94 /* RecommendVC.swift in Sources */ = {isa = PBXBuildFile; fileRef = 92544662273FF99900EDBD94 /* RecommendVC.swift */; };
		9254466D273FFAE500EDBD94 /* NavigationController.swift in Sources */ = {isa = PBXBuildFile; fileRef = 9254466C273FFAE500EDBD94 /* NavigationController.swift */; };
		9254466F273FFAFB00EDBD94 /* TabBarController.swift in Sources */ = {isa = PBXBuildFile; fileRef = 9254466E273FFAFB00EDBD94 /* TabBarController.swift */; };
		925446742740017D00EDBD94 /* NanumBarunGothic.otf in Resources */ = {isa = PBXBuildFile; fileRef = 925446702740017A00EDBD94 /* NanumBarunGothic.otf */; };
		925446752740017D00EDBD94 /* NanumBarunGothicBold.otf in Resources */ = {isa = PBXBuildFile; fileRef = 925446722740017A00EDBD94 /* NanumBarunGothicBold.otf */; };
		925446762740017D00EDBD94 /* NanumBarunGothicLight.otf in Resources */ = {isa = PBXBuildFile; fileRef = 925446732740017A00EDBD94 /* NanumBarunGothicLight.otf */; };
		925446772740017D00EDBD94 /* NanumBarunGothicUltraLight.otf in Resources */ = {isa = PBXBuildFile; fileRef = 925446712740017A00EDBD94 /* NanumBarunGothicUltraLight.otf */; };
		9254467A2740044700EDBD94 /* Colors.xcassets in Resources */ = {isa = PBXBuildFile; fileRef = 925446792740044700EDBD94 /* Colors.xcassets */; };
		9254467C2740069E00EDBD94 /* TabBar.xcassets in Resources */ = {isa = PBXBuildFile; fileRef = 9254467B2740069E00EDBD94 /* TabBar.xcassets */; };
		9254467E274006D200EDBD94 /* Keyboard.xcassets in Resources */ = {isa = PBXBuildFile; fileRef = 9254467D274006D200EDBD94 /* Keyboard.xcassets */; };
		925446802740091000EDBD94 /* Navigation.xcassets in Resources */ = {isa = PBXBuildFile; fileRef = 9254467F2740091000EDBD94 /* Navigation.xcassets */; };
		925446822740095400EDBD94 /* Feed.xcassets in Resources */ = {isa = PBXBuildFile; fileRef = 925446812740095400EDBD94 /* Feed.xcassets */; };
		9254468427400E6100EDBD94 /* Recommend.storyboard in Resources */ = {isa = PBXBuildFile; fileRef = 9254468327400E6100EDBD94 /* Recommend.storyboard */; };
		9254468627400FEF00EDBD94 /* MyPage.storyboard in Resources */ = {isa = PBXBuildFile; fileRef = 9254468527400FEF00EDBD94 /* MyPage.storyboard */; };
		925446882740FBAE00EDBD94 /* Images.xcassets in Resources */ = {isa = PBXBuildFile; fileRef = 925446872740FBAE00EDBD94 /* Images.xcassets */; };
		E2B3E2652742E23E0087A6AC /* CustomNavigationBar.swift in Sources */ = {isa = PBXBuildFile; fileRef = E2B3E2642742E23E0087A6AC /* CustomNavigationBar.swift */; };
/* End PBXBuildFile section */

/* Begin PBXFileReference section */
		92544633273FF70800EDBD94 /* NaverBlog-iOS.app */ = {isa = PBXFileReference; explicitFileType = wrapper.application; includeInIndex = 0; path = "NaverBlog-iOS.app"; sourceTree = BUILT_PRODUCTS_DIR; };
		92544636273FF70900EDBD94 /* AppDelegate.swift */ = {isa = PBXFileReference; lastKnownFileType = sourcecode.swift; path = AppDelegate.swift; sourceTree = "<group>"; };
		92544638273FF70900EDBD94 /* SceneDelegate.swift */ = {isa = PBXFileReference; lastKnownFileType = sourcecode.swift; path = SceneDelegate.swift; sourceTree = "<group>"; };
		9254463A273FF70900EDBD94 /* FeedVC.swift */ = {isa = PBXFileReference; lastKnownFileType = sourcecode.swift; path = FeedVC.swift; sourceTree = "<group>"; };
		9254463D273FF70900EDBD94 /* Base */ = {isa = PBXFileReference; lastKnownFileType = file.storyboard; name = Base; path = Base.lproj/Feed.storyboard; sourceTree = "<group>"; };
		9254463F273FF70A00EDBD94 /* Assets.xcassets */ = {isa = PBXFileReference; lastKnownFileType = folder.assetcatalog; path = Assets.xcassets; sourceTree = "<group>"; };
		92544642273FF70A00EDBD94 /* Base */ = {isa = PBXFileReference; lastKnownFileType = file.storyboard; name = Base; path = Base.lproj/LaunchScreen.storyboard; sourceTree = "<group>"; };
		92544644273FF70A00EDBD94 /* Info.plist */ = {isa = PBXFileReference; lastKnownFileType = text.plist.xml; path = Info.plist; sourceTree = "<group>"; };
		9254464D273FF78600EDBD94 /* Const.swift */ = {isa = PBXFileReference; lastKnownFileType = sourcecode.swift; path = Const.swift; sourceTree = "<group>"; };
		9254464F273FF7C500EDBD94 /* ViewController.swift */ = {isa = PBXFileReference; lastKnownFileType = sourcecode.swift; path = ViewController.swift; sourceTree = "<group>"; };
		92544651273FF7D400EDBD94 /* Storyboard.swift */ = {isa = PBXFileReference; lastKnownFileType = sourcecode.swift; path = Storyboard.swift; sourceTree = "<group>"; };
		9254465C273FF95D00EDBD94 /* MyPageVC.swift */ = {isa = PBXFileReference; lastKnownFileType = sourcecode.swift; path = MyPageVC.swift; sourceTree = "<group>"; };
		9254465E273FF98000EDBD94 /* NotificationVC.swift */ = {isa = PBXFileReference; lastKnownFileType = sourcecode.swift; path = NotificationVC.swift; sourceTree = "<group>"; };
		92544660273FF98C00EDBD94 /* WriteVC.swift */ = {isa = PBXFileReference; lastKnownFileType = sourcecode.swift; path = WriteVC.swift; sourceTree = "<group>"; };
		92544662273FF99900EDBD94 /* RecommendVC.swift */ = {isa = PBXFileReference; lastKnownFileType = sourcecode.swift; path = RecommendVC.swift; sourceTree = "<group>"; };
		9254466C273FFAE500EDBD94 /* NavigationController.swift */ = {isa = PBXFileReference; lastKnownFileType = sourcecode.swift; path = NavigationController.swift; sourceTree = "<group>"; };
		9254466E273FFAFB00EDBD94 /* TabBarController.swift */ = {isa = PBXFileReference; lastKnownFileType = sourcecode.swift; path = TabBarController.swift; sourceTree = "<group>"; };
		925446702740017A00EDBD94 /* NanumBarunGothic.otf */ = {isa = PBXFileReference; lastKnownFileType = file; path = NanumBarunGothic.otf; sourceTree = "<group>"; };
		925446712740017A00EDBD94 /* NanumBarunGothicUltraLight.otf */ = {isa = PBXFileReference; lastKnownFileType = file; path = NanumBarunGothicUltraLight.otf; sourceTree = "<group>"; };
		925446722740017A00EDBD94 /* NanumBarunGothicBold.otf */ = {isa = PBXFileReference; lastKnownFileType = file; path = NanumBarunGothicBold.otf; sourceTree = "<group>"; };
		925446732740017A00EDBD94 /* NanumBarunGothicLight.otf */ = {isa = PBXFileReference; lastKnownFileType = file; path = NanumBarunGothicLight.otf; sourceTree = "<group>"; };
		925446792740044700EDBD94 /* Colors.xcassets */ = {isa = PBXFileReference; lastKnownFileType = folder.assetcatalog; path = Colors.xcassets; sourceTree = "<group>"; };
		9254467B2740069E00EDBD94 /* TabBar.xcassets */ = {isa = PBXFileReference; lastKnownFileType = folder.assetcatalog; path = TabBar.xcassets; sourceTree = "<group>"; };
		9254467D274006D200EDBD94 /* Keyboard.xcassets */ = {isa = PBXFileReference; lastKnownFileType = folder.assetcatalog; path = Keyboard.xcassets; sourceTree = "<group>"; };
		9254467F2740091000EDBD94 /* Navigation.xcassets */ = {isa = PBXFileReference; lastKnownFileType = folder.assetcatalog; path = Navigation.xcassets; sourceTree = "<group>"; };
		925446812740095400EDBD94 /* Feed.xcassets */ = {isa = PBXFileReference; lastKnownFileType = folder.assetcatalog; path = Feed.xcassets; sourceTree = "<group>"; };
		9254468327400E6100EDBD94 /* Recommend.storyboard */ = {isa = PBXFileReference; lastKnownFileType = file.storyboard; path = Recommend.storyboard; sourceTree = "<group>"; };
		9254468527400FEF00EDBD94 /* MyPage.storyboard */ = {isa = PBXFileReference; lastKnownFileType = file.storyboard; path = MyPage.storyboard; sourceTree = "<group>"; };
		925446872740FBAE00EDBD94 /* Images.xcassets */ = {isa = PBXFileReference; lastKnownFileType = folder.assetcatalog; path = Images.xcassets; sourceTree = "<group>"; };
		E2B3E2642742E23E0087A6AC /* CustomNavigationBar.swift */ = {isa = PBXFileReference; lastKnownFileType = sourcecode.swift; path = CustomNavigationBar.swift; sourceTree = "<group>"; };
/* End PBXFileReference section */

/* Begin PBXFrameworksBuildPhase section */
		92544630273FF70800EDBD94 /* Frameworks */ = {
			isa = PBXFrameworksBuildPhase;
			buildActionMask = 2147483647;
			files = (
			);
			runOnlyForDeploymentPostprocessing = 0;
		};
/* End PBXFrameworksBuildPhase section */

/* Begin PBXGroup section */
		9254462A273FF70800EDBD94 = {
			isa = PBXGroup;
			children = (
				92544635273FF70800EDBD94 /* NaverBlog-iOS */,
				92544634273FF70800EDBD94 /* Products */,
			);
			sourceTree = "<group>";
		};
		92544634273FF70800EDBD94 /* Products */ = {
			isa = PBXGroup;
			children = (
				92544633273FF70800EDBD94 /* NaverBlog-iOS.app */,
			);
			name = Products;
			sourceTree = "<group>";
		};
		92544635273FF70800EDBD94 /* NaverBlog-iOS */ = {
			isa = PBXGroup;
			children = (
				92544644273FF70A00EDBD94 /* Info.plist */,
				9254464B273FF71800EDBD94 /* Resources */,
				9254464A273FF71200EDBD94 /* Sources */,
			);
			path = "NaverBlog-iOS";
			sourceTree = "<group>";
		};
		9254464A273FF71200EDBD94 /* Sources */ = {
			isa = PBXGroup;
			children = (
				9254466C273FFAE500EDBD94 /* NavigationController.swift */,
				9254466E273FFAFB00EDBD94 /* TabBarController.swift */,
				92544659273FF8D600EDBD94 /* MyPage */,
				92544658273FF8CE00EDBD94 /* Notification */,
				92544657273FF8C900EDBD94 /* Write */,
				92544656273FF86E00EDBD94 /* Recommend */,
				92544655273FF86900EDBD94 /* Feed */,
			);
			path = Sources;
			sourceTree = "<group>";
		};
		9254464B273FF71800EDBD94 /* Resources */ = {
			isa = PBXGroup;
			children = (
				92544654273FF82800EDBD94 /* Assets */,
				9254464C273FF77900EDBD94 /* Consts */,
				92544653273FF7F000EDBD94 /* Supports */,
				9254465A273FF8E900EDBD94 /* Storyboards */,
			);
			path = Resources;
			sourceTree = "<group>";
		};
		9254464C273FF77900EDBD94 /* Consts */ = {
			isa = PBXGroup;
			children = (
				9254464D273FF78600EDBD94 /* Const.swift */,
				9254464F273FF7C500EDBD94 /* ViewController.swift */,
				92544651273FF7D400EDBD94 /* Storyboard.swift */,
			);
			path = Consts;
			sourceTree = "<group>";
		};
		92544653273FF7F000EDBD94 /* Supports */ = {
			isa = PBXGroup;
			children = (
				92544636273FF70900EDBD94 /* AppDelegate.swift */,
				92544638273FF70900EDBD94 /* SceneDelegate.swift */,
			);
			path = Supports;
			sourceTree = "<group>";
		};
		92544654273FF82800EDBD94 /* Assets */ = {
			isa = PBXGroup;
			children = (
				9254463F273FF70A00EDBD94 /* Assets.xcassets */,
				925446872740FBAE00EDBD94 /* Images.xcassets */,
				925446792740044700EDBD94 /* Colors.xcassets */,
				9254467B2740069E00EDBD94 /* TabBar.xcassets */,
				9254467D274006D200EDBD94 /* Keyboard.xcassets */,
				9254467F2740091000EDBD94 /* Navigation.xcassets */,
				925446812740095400EDBD94 /* Feed.xcassets */,
				9254465B273FF91400EDBD94 /* Fonts */,
			);
			path = Assets;
			sourceTree = "<group>";
		};
		92544655273FF86900EDBD94 /* Feed */ = {
			isa = PBXGroup;
			children = (
				9254463A273FF70900EDBD94 /* FeedVC.swift */,
				9254463C273FF70900EDBD94 /* Feed.storyboard */,
			);
			path = Feed;
			sourceTree = "<group>";
		};
		92544656273FF86E00EDBD94 /* Recommend */ = {
			isa = PBXGroup;
			children = (
				E2B3E2632742E2210087A6AC /* VCs */,
				9254468327400E6100EDBD94 /* Recommend.storyboard */,
			);
			path = Recommend;
			sourceTree = "<group>";
		};
		92544657273FF8C900EDBD94 /* Write */ = {
			isa = PBXGroup;
			children = (
				92544660273FF98C00EDBD94 /* WriteVC.swift */,
			);
			path = Write;
			sourceTree = "<group>";
		};
		92544658273FF8CE00EDBD94 /* Notification */ = {
			isa = PBXGroup;
			children = (
				9254465E273FF98000EDBD94 /* NotificationVC.swift */,
			);
			path = Notification;
			sourceTree = "<group>";
		};
		92544659273FF8D600EDBD94 /* MyPage */ = {
			isa = PBXGroup;
			children = (
				9254465C273FF95D00EDBD94 /* MyPageVC.swift */,
				9254468527400FEF00EDBD94 /* MyPage.storyboard */,
			);
			path = MyPage;
			sourceTree = "<group>";
		};
		9254465A273FF8E900EDBD94 /* Storyboards */ = {
			isa = PBXGroup;
			children = (
				92544641273FF70A00EDBD94 /* LaunchScreen.storyboard */,
			);
			path = Storyboards;
			sourceTree = "<group>";
		};
		9254465B273FF91400EDBD94 /* Fonts */ = {
			isa = PBXGroup;
			children = (
				925446702740017A00EDBD94 /* NanumBarunGothic.otf */,
				925446722740017A00EDBD94 /* NanumBarunGothicBold.otf */,
				925446732740017A00EDBD94 /* NanumBarunGothicLight.otf */,
				925446712740017A00EDBD94 /* NanumBarunGothicUltraLight.otf */,
			);
			path = Fonts;
			sourceTree = "<group>";
		};
		E2B3E2632742E2210087A6AC /* VCs */ = {
			isa = PBXGroup;
			children = (
				92544662273FF99900EDBD94 /* RecommendVC.swift */,
				E2B3E2642742E23E0087A6AC /* CustomNavigationBar.swift */,
			);
			path = VCs;
			sourceTree = "<group>";
		};
/* End PBXGroup section */

/* Begin PBXNativeTarget section */
		92544632273FF70800EDBD94 /* NaverBlog-iOS */ = {
			isa = PBXNativeTarget;
			buildConfigurationList = 92544647273FF70A00EDBD94 /* Build configuration list for PBXNativeTarget "NaverBlog-iOS" */;
			buildPhases = (
				9254462F273FF70800EDBD94 /* Sources */,
				92544630273FF70800EDBD94 /* Frameworks */,
				92544631273FF70800EDBD94 /* Resources */,
			);
			buildRules = (
			);
			dependencies = (
			);
			name = "NaverBlog-iOS";
			productName = "NaverBlog-iOS";
			productReference = 92544633273FF70800EDBD94 /* NaverBlog-iOS.app */;
			productType = "com.apple.product-type.application";
		};
/* End PBXNativeTarget section */

/* Begin PBXProject section */
		9254462B273FF70800EDBD94 /* Project object */ = {
			isa = PBXProject;
			attributes = {
				BuildIndependentTargetsInParallel = 1;
				LastSwiftUpdateCheck = 1310;
				LastUpgradeCheck = 1310;
				TargetAttributes = {
					92544632273FF70800EDBD94 = {
						CreatedOnToolsVersion = 13.1;
					};
				};
			};
			buildConfigurationList = 9254462E273FF70800EDBD94 /* Build configuration list for PBXProject "NaverBlog-iOS" */;
			compatibilityVersion = "Xcode 13.0";
			developmentRegion = en;
			hasScannedForEncodings = 0;
			knownRegions = (
				en,
				Base,
			);
			mainGroup = 9254462A273FF70800EDBD94;
			productRefGroup = 92544634273FF70800EDBD94 /* Products */;
			projectDirPath = "";
			projectRoot = "";
			targets = (
				92544632273FF70800EDBD94 /* NaverBlog-iOS */,
			);
		};
/* End PBXProject section */

/* Begin PBXResourcesBuildPhase section */
		92544631273FF70800EDBD94 /* Resources */ = {
			isa = PBXResourcesBuildPhase;
			buildActionMask = 2147483647;
			files = (
				925446752740017D00EDBD94 /* NanumBarunGothicBold.otf in Resources */,
				925446762740017D00EDBD94 /* NanumBarunGothicLight.otf in Resources */,
				9254468427400E6100EDBD94 /* Recommend.storyboard in Resources */,
				925446772740017D00EDBD94 /* NanumBarunGothicUltraLight.otf in Resources */,
				925446802740091000EDBD94 /* Navigation.xcassets in Resources */,
				925446742740017D00EDBD94 /* NanumBarunGothic.otf in Resources */,
				925446882740FBAE00EDBD94 /* Images.xcassets in Resources */,
				925446822740095400EDBD94 /* Feed.xcassets in Resources */,
				92544643273FF70A00EDBD94 /* LaunchScreen.storyboard in Resources */,
				9254467C2740069E00EDBD94 /* TabBar.xcassets in Resources */,
				9254467E274006D200EDBD94 /* Keyboard.xcassets in Resources */,
				9254467A2740044700EDBD94 /* Colors.xcassets in Resources */,
				9254468627400FEF00EDBD94 /* MyPage.storyboard in Resources */,
				92544640273FF70A00EDBD94 /* Assets.xcassets in Resources */,
				9254463E273FF70900EDBD94 /* Feed.storyboard in Resources */,
			);
			runOnlyForDeploymentPostprocessing = 0;
		};
/* End PBXResourcesBuildPhase section */

/* Begin PBXSourcesBuildPhase section */
		9254462F273FF70800EDBD94 /* Sources */ = {
			isa = PBXSourcesBuildPhase;
			buildActionMask = 2147483647;
			files = (
				9254466D273FFAE500EDBD94 /* NavigationController.swift in Sources */,
				92544652273FF7D400EDBD94 /* Storyboard.swift in Sources */,
				92544663273FF99900EDBD94 /* RecommendVC.swift in Sources */,
				92544650273FF7C500EDBD94 /* ViewController.swift in Sources */,
				92544661273FF98C00EDBD94 /* WriteVC.swift in Sources */,
				E2B3E2652742E23E0087A6AC /* CustomNavigationBar.swift in Sources */,
				9254463B273FF70900EDBD94 /* FeedVC.swift in Sources */,
				9254464E273FF78600EDBD94 /* Const.swift in Sources */,
				9254465D273FF95D00EDBD94 /* MyPageVC.swift in Sources */,
				92544637273FF70900EDBD94 /* AppDelegate.swift in Sources */,
				9254466F273FFAFB00EDBD94 /* TabBarController.swift in Sources */,
				92544639273FF70900EDBD94 /* SceneDelegate.swift in Sources */,
				9254465F273FF98000EDBD94 /* NotificationVC.swift in Sources */,
			);
			runOnlyForDeploymentPostprocessing = 0;
		};
/* End PBXSourcesBuildPhase section */

/* Begin PBXVariantGroup section */
		9254463C273FF70900EDBD94 /* Feed.storyboard */ = {
			isa = PBXVariantGroup;
			children = (
				9254463D273FF70900EDBD94 /* Base */,
			);
			name = Feed.storyboard;
			sourceTree = "<group>";
		};
		92544641273FF70A00EDBD94 /* LaunchScreen.storyboard */ = {
			isa = PBXVariantGroup;
			children = (
				92544642273FF70A00EDBD94 /* Base */,
			);
			name = LaunchScreen.storyboard;
			sourceTree = "<group>";
		};
/* End PBXVariantGroup section */

/* Begin XCBuildConfiguration section */
		92544645273FF70A00EDBD94 /* Debug */ = {
			isa = XCBuildConfiguration;
			buildSettings = {
				ALWAYS_SEARCH_USER_PATHS = NO;
				CLANG_ANALYZER_NONNULL = YES;
				CLANG_ANALYZER_NUMBER_OBJECT_CONVERSION = YES_AGGRESSIVE;
				CLANG_CXX_LANGUAGE_STANDARD = "gnu++17";
				CLANG_CXX_LIBRARY = "libc++";
				CLANG_ENABLE_MODULES = YES;
				CLANG_ENABLE_OBJC_ARC = YES;
				CLANG_ENABLE_OBJC_WEAK = YES;
				CLANG_WARN_BLOCK_CAPTURE_AUTORELEASING = YES;
				CLANG_WARN_BOOL_CONVERSION = YES;
				CLANG_WARN_COMMA = YES;
				CLANG_WARN_CONSTANT_CONVERSION = YES;
				CLANG_WARN_DEPRECATED_OBJC_IMPLEMENTATIONS = YES;
				CLANG_WARN_DIRECT_OBJC_ISA_USAGE = YES_ERROR;
				CLANG_WARN_DOCUMENTATION_COMMENTS = YES;
				CLANG_WARN_EMPTY_BODY = YES;
				CLANG_WARN_ENUM_CONVERSION = YES;
				CLANG_WARN_INFINITE_RECURSION = YES;
				CLANG_WARN_INT_CONVERSION = YES;
				CLANG_WARN_NON_LITERAL_NULL_CONVERSION = YES;
				CLANG_WARN_OBJC_IMPLICIT_RETAIN_SELF = YES;
				CLANG_WARN_OBJC_LITERAL_CONVERSION = YES;
				CLANG_WARN_OBJC_ROOT_CLASS = YES_ERROR;
				CLANG_WARN_QUOTED_INCLUDE_IN_FRAMEWORK_HEADER = YES;
				CLANG_WARN_RANGE_LOOP_ANALYSIS = YES;
				CLANG_WARN_STRICT_PROTOTYPES = YES;
				CLANG_WARN_SUSPICIOUS_MOVE = YES;
				CLANG_WARN_UNGUARDED_AVAILABILITY = YES_AGGRESSIVE;
				CLANG_WARN_UNREACHABLE_CODE = YES;
				CLANG_WARN__DUPLICATE_METHOD_MATCH = YES;
				COPY_PHASE_STRIP = NO;
				DEBUG_INFORMATION_FORMAT = dwarf;
				ENABLE_STRICT_OBJC_MSGSEND = YES;
				ENABLE_TESTABILITY = YES;
				GCC_C_LANGUAGE_STANDARD = gnu11;
				GCC_DYNAMIC_NO_PIC = NO;
				GCC_NO_COMMON_BLOCKS = YES;
				GCC_OPTIMIZATION_LEVEL = 0;
				GCC_PREPROCESSOR_DEFINITIONS = (
					"DEBUG=1",
					"$(inherited)",
				);
				GCC_WARN_64_TO_32_BIT_CONVERSION = YES;
				GCC_WARN_ABOUT_RETURN_TYPE = YES_ERROR;
				GCC_WARN_UNDECLARED_SELECTOR = YES;
				GCC_WARN_UNINITIALIZED_AUTOS = YES_AGGRESSIVE;
				GCC_WARN_UNUSED_FUNCTION = YES;
				GCC_WARN_UNUSED_VARIABLE = YES;
				IPHONEOS_DEPLOYMENT_TARGET = 15.0;
				MTL_ENABLE_DEBUG_INFO = INCLUDE_SOURCE;
				MTL_FAST_MATH = YES;
				ONLY_ACTIVE_ARCH = YES;
				SDKROOT = iphoneos;
				SWIFT_ACTIVE_COMPILATION_CONDITIONS = DEBUG;
				SWIFT_OPTIMIZATION_LEVEL = "-Onone";
			};
			name = Debug;
		};
		92544646273FF70A00EDBD94 /* Release */ = {
			isa = XCBuildConfiguration;
			buildSettings = {
				ALWAYS_SEARCH_USER_PATHS = NO;
				CLANG_ANALYZER_NONNULL = YES;
				CLANG_ANALYZER_NUMBER_OBJECT_CONVERSION = YES_AGGRESSIVE;
				CLANG_CXX_LANGUAGE_STANDARD = "gnu++17";
				CLANG_CXX_LIBRARY = "libc++";
				CLANG_ENABLE_MODULES = YES;
				CLANG_ENABLE_OBJC_ARC = YES;
				CLANG_ENABLE_OBJC_WEAK = YES;
				CLANG_WARN_BLOCK_CAPTURE_AUTORELEASING = YES;
				CLANG_WARN_BOOL_CONVERSION = YES;
				CLANG_WARN_COMMA = YES;
				CLANG_WARN_CONSTANT_CONVERSION = YES;
				CLANG_WARN_DEPRECATED_OBJC_IMPLEMENTATIONS = YES;
				CLANG_WARN_DIRECT_OBJC_ISA_USAGE = YES_ERROR;
				CLANG_WARN_DOCUMENTATION_COMMENTS = YES;
				CLANG_WARN_EMPTY_BODY = YES;
				CLANG_WARN_ENUM_CONVERSION = YES;
				CLANG_WARN_INFINITE_RECURSION = YES;
				CLANG_WARN_INT_CONVERSION = YES;
				CLANG_WARN_NON_LITERAL_NULL_CONVERSION = YES;
				CLANG_WARN_OBJC_IMPLICIT_RETAIN_SELF = YES;
				CLANG_WARN_OBJC_LITERAL_CONVERSION = YES;
				CLANG_WARN_OBJC_ROOT_CLASS = YES_ERROR;
				CLANG_WARN_QUOTED_INCLUDE_IN_FRAMEWORK_HEADER = YES;
				CLANG_WARN_RANGE_LOOP_ANALYSIS = YES;
				CLANG_WARN_STRICT_PROTOTYPES = YES;
				CLANG_WARN_SUSPICIOUS_MOVE = YES;
				CLANG_WARN_UNGUARDED_AVAILABILITY = YES_AGGRESSIVE;
				CLANG_WARN_UNREACHABLE_CODE = YES;
				CLANG_WARN__DUPLICATE_METHOD_MATCH = YES;
				COPY_PHASE_STRIP = NO;
				DEBUG_INFORMATION_FORMAT = "dwarf-with-dsym";
				ENABLE_NS_ASSERTIONS = NO;
				ENABLE_STRICT_OBJC_MSGSEND = YES;
				GCC_C_LANGUAGE_STANDARD = gnu11;
				GCC_NO_COMMON_BLOCKS = YES;
				GCC_WARN_64_TO_32_BIT_CONVERSION = YES;
				GCC_WARN_ABOUT_RETURN_TYPE = YES_ERROR;
				GCC_WARN_UNDECLARED_SELECTOR = YES;
				GCC_WARN_UNINITIALIZED_AUTOS = YES_AGGRESSIVE;
				GCC_WARN_UNUSED_FUNCTION = YES;
				GCC_WARN_UNUSED_VARIABLE = YES;
				IPHONEOS_DEPLOYMENT_TARGET = 15.0;
				MTL_ENABLE_DEBUG_INFO = NO;
				MTL_FAST_MATH = YES;
				SDKROOT = iphoneos;
				SWIFT_COMPILATION_MODE = wholemodule;
				SWIFT_OPTIMIZATION_LEVEL = "-O";
				VALIDATE_PRODUCT = YES;
			};
			name = Release;
		};
		92544648273FF70A00EDBD94 /* Debug */ = {
			isa = XCBuildConfiguration;
			buildSettings = {
				ASSETCATALOG_COMPILER_APPICON_NAME = AppIcon;
				ASSETCATALOG_COMPILER_GLOBAL_ACCENT_COLOR_NAME = AccentColor;
				CODE_SIGN_STYLE = Automatic;
				CURRENT_PROJECT_VERSION = 1;
				GENERATE_INFOPLIST_FILE = YES;
				INFOPLIST_FILE = "NaverBlog-iOS/Info.plist";
				INFOPLIST_KEY_UIApplicationSupportsIndirectInputEvents = YES;
				INFOPLIST_KEY_UILaunchStoryboardName = LaunchScreen;
				INFOPLIST_KEY_UIMainStoryboardFile = Feed;
				INFOPLIST_KEY_UISupportedInterfaceOrientations_iPad = "UIInterfaceOrientationPortrait UIInterfaceOrientationPortraitUpsideDown UIInterfaceOrientationLandscapeLeft UIInterfaceOrientationLandscapeRight";
				INFOPLIST_KEY_UISupportedInterfaceOrientations_iPhone = "UIInterfaceOrientationPortrait UIInterfaceOrientationLandscapeLeft UIInterfaceOrientationLandscapeRight";
				LD_RUNPATH_SEARCH_PATHS = (
					"$(inherited)",
					"@executable_path/Frameworks",
				);
				MARKETING_VERSION = 1.0;
				PRODUCT_BUNDLE_IDENTIFIER = "soyeon.NaverBlog-iOS";
				PRODUCT_NAME = "$(TARGET_NAME)";
				SWIFT_EMIT_LOC_STRINGS = YES;
				SWIFT_VERSION = 5.0;
				TARGETED_DEVICE_FAMILY = "1,2";
			};
			name = Debug;
		};
		92544649273FF70A00EDBD94 /* Release */ = {
			isa = XCBuildConfiguration;
			buildSettings = {
				ASSETCATALOG_COMPILER_APPICON_NAME = AppIcon;
				ASSETCATALOG_COMPILER_GLOBAL_ACCENT_COLOR_NAME = AccentColor;
				CODE_SIGN_STYLE = Automatic;
				CURRENT_PROJECT_VERSION = 1;
				GENERATE_INFOPLIST_FILE = YES;
				INFOPLIST_FILE = "NaverBlog-iOS/Info.plist";
				INFOPLIST_KEY_UIApplicationSupportsIndirectInputEvents = YES;
				INFOPLIST_KEY_UILaunchStoryboardName = LaunchScreen;
				INFOPLIST_KEY_UIMainStoryboardFile = Feed;
				INFOPLIST_KEY_UISupportedInterfaceOrientations_iPad = "UIInterfaceOrientationPortrait UIInterfaceOrientationPortraitUpsideDown UIInterfaceOrientationLandscapeLeft UIInterfaceOrientationLandscapeRight";
				INFOPLIST_KEY_UISupportedInterfaceOrientations_iPhone = "UIInterfaceOrientationPortrait UIInterfaceOrientationLandscapeLeft UIInterfaceOrientationLandscapeRight";
				LD_RUNPATH_SEARCH_PATHS = (
					"$(inherited)",
					"@executable_path/Frameworks",
				);
				MARKETING_VERSION = 1.0;
				PRODUCT_BUNDLE_IDENTIFIER = "soyeon.NaverBlog-iOS";
				PRODUCT_NAME = "$(TARGET_NAME)";
				SWIFT_EMIT_LOC_STRINGS = YES;
				SWIFT_VERSION = 5.0;
				TARGETED_DEVICE_FAMILY = "1,2";
			};
			name = Release;
		};
/* End XCBuildConfiguration section */

/* Begin XCConfigurationList section */
		9254462E273FF70800EDBD94 /* Build configuration list for PBXProject "NaverBlog-iOS" */ = {
			isa = XCConfigurationList;
			buildConfigurations = (
				92544645273FF70A00EDBD94 /* Debug */,
				92544646273FF70A00EDBD94 /* Release */,
			);
			defaultConfigurationIsVisible = 0;
			defaultConfigurationName = Release;
		};
		92544647273FF70A00EDBD94 /* Build configuration list for PBXNativeTarget "NaverBlog-iOS" */ = {
			isa = XCConfigurationList;
			buildConfigurations = (
				92544648273FF70A00EDBD94 /* Debug */,
				92544649273FF70A00EDBD94 /* Release */,
			);
			defaultConfigurationIsVisible = 0;
			defaultConfigurationName = Release;
		};
/* End XCConfigurationList section */
	};
	rootObject = 9254462B273FF70800EDBD94 /* Project object */;
}
